
Microsoft Visual Studio Solution File, Format Version 12.00
# Visual Studio 15
VisualStudioVersion = 15.0.28010.2046
MinimumVisualStudioVersion = 10.0.40219.1
Project("{FAE04EC0-301F-11D3-BF4B-00C04F79EFBC}") = "Project", "Project\Project.csproj", "{2E8C93D3-5205-427F-9518-738A79DFE981}"
EndProject
Project("{FAE04EC0-301F-11D3-BF4B-00C04F79EFBC}") = "AmmeterLabelPrintService", "AmmeterLabelPrintService\AmmeterLabelPrintService.csproj", "{C8B8AF53-849A-4F8D-BB5F-E2710FD333CF}"
EndProject
Project("{E24C65DC-7377-472B-9ABA-BC803B73C61A}") = "DOWeb", "http://localhost:22791", "{BD6ECE6F-7035-4A8B-AF09-412243B0987E}"
	ProjectSection(WebsiteProperties) = preProject
		UseIISExpress = "true"
		TargetFrameworkMoniker = ".NETFramework,Version%3Dv4.0"
		ProjectReferences = "{2e8c93d3-5205-427f-9518-738a79dfe981}|project.dll;"
		Debug.AspNetCompiler.VirtualPath = "/localhost_22791"
		Debug.AspNetCompiler.PhysicalPath = "DOWeb\"
		Debug.AspNetCompiler.TargetPath = "PrecompiledWeb\localhost_22791\"
		Debug.AspNetCompiler.Updateable = "true"
		Debug.AspNetCompiler.ForceOverwrite = "true"
		Debug.AspNetCompiler.FixedNames = "false"
		Debug.AspNetCompiler.Debug = "True"
		Release.AspNetCompiler.VirtualPath = "/localhost_22791"
		Release.AspNetCompiler.PhysicalPath = "DOWeb\"
		Release.AspNetCompiler.TargetPath = "PrecompiledWeb\localhost_22791\"
		Release.AspNetCompiler.Updateable = "true"
		Release.AspNetCompiler.ForceOverwrite = "true"
		Release.AspNetCompiler.FixedNames = "false"
		Release.AspNetCompiler.Debug = "False"
		SlnRelativePath = "DOWeb\"
	EndProjectSection
EndProject
Global
	GlobalSection(SolutionConfigurationPlatforms) = preSolution
		Debug|.NET = Debug|.NET
		Debug|Any CPU = Debug|Any CPU
		Debug|Mixed Platforms = Debug|Mixed Platforms
		Debug|x86 = Debug|x86
		Release|.NET = Release|.NET
		Release|Any CPU = Release|Any CPU
		Release|Mixed Platforms = Release|Mixed Platforms
		Release|x86 = Release|x86
	EndGlobalSection
	GlobalSection(ProjectConfigurationPlatforms) = postSolution
		{2E8C93D3-5205-427F-9518-738A79DFE981}.Debug|.NET.ActiveCfg = Debug|Any CPU
		{2E8C93D3-5205-427F-9518-738A79DFE981}.Debug|Any CPU.ActiveCfg = Debug|Any CPU
		{2E8C93D3-5205-427F-9518-738A79DFE981}.Debug|Any CPU.Build.0 = Debug|Any CPU
		{2E8C93D3-5205-427F-9518-738A79DFE981}.Debug|Mixed Platforms.ActiveCfg = Debug|Any CPU
		{2E8C93D3-5205-427F-9518-738A79DFE981}.Debug|Mixed Platforms.Build.0 = Debug|Any CPU
		{2E8C93D3-5205-427F-9518-738A79DFE981}.Debug|x86.ActiveCfg = Debug|Any CPU
		{2E8C93D3-5205-427F-9518-738A79DFE981}.Release|.NET.ActiveCfg = Release|Any CPU
		{2E8C93D3-5205-427F-9518-738A79DFE981}.Release|Any CPU.ActiveCfg = Release|Any CPU
		{2E8C93D3-5205-427F-9518-738A79DFE981}.Release|Any CPU.Build.0 = Release|Any CPU
		{2E8C93D3-5205-427F-9518-738A79DFE981}.Release|Mixed Platforms.ActiveCfg = Release|Any CPU
		{2E8C93D3-5205-427F-9518-738A79DFE981}.Release|Mixed Platforms.Build.0 = Release|Any CPU
		{2E8C93D3-5205-427F-9518-738A79DFE981}.Release|x86.ActiveCfg = Release|Any CPU
		{C8B8AF53-849A-4F8D-BB5F-E2710FD333CF}.Debug|.NET.ActiveCfg = Debug|Any CPU
		{C8B8AF53-849A-4F8D-BB5F-E2710FD333CF}.Debug|Any CPU.ActiveCfg = Debug|Any CPU
		{C8B8AF53-849A-4F8D-BB5F-E2710FD333CF}.Debug|Any CPU.Build.0 = Debug|Any CPU
		{C8B8AF53-849A-4F8D-BB5F-E2710FD333CF}.Debug|Mixed Platforms.ActiveCfg = Debug|Any CPU
		{C8B8AF53-849A-4F8D-BB5F-E2710FD333CF}.Debug|Mixed Platforms.Build.0 = Debug|Any CPU
		{C8B8AF53-849A-4F8D-BB5F-E2710FD333CF}.Debug|x86.ActiveCfg = Debug|Any CPU
		{C8B8AF53-849A-4F8D-BB5F-E2710FD333CF}.Release|.NET.ActiveCfg = Release|Any CPU
		{C8B8AF53-849A-4F8D-BB5F-E2710FD333CF}.Release|Any CPU.ActiveCfg = Release|Any CPU
		{C8B8AF53-849A-4F8D-BB5F-E2710FD333CF}.Release|Any CPU.Build.0 = Release|Any CPU
		{C8B8AF53-849A-4F8D-BB5F-E2710FD333CF}.Release|Mixed Platforms.ActiveCfg = Release|Any CPU
		{C8B8AF53-849A-4F8D-BB5F-E2710FD333CF}.Release|Mixed Platforms.Build.0 = Release|Any CPU
		{C8B8AF53-849A-4F8D-BB5F-E2710FD333CF}.Release|x86.ActiveCfg = Release|Any CPU
		{BD6ECE6F-7035-4A8B-AF09-412243B0987E}.Debug|.NET.ActiveCfg = Debug|Any CPU
		{BD6ECE6F-7035-4A8B-AF09-412243B0987E}.Debug|Any CPU.ActiveCfg = Debug|Any CPU
		{BD6ECE6F-7035-4A8B-AF09-412243B0987E}.Debug|Any CPU.Build.0 = Debug|Any CPU
		{BD6ECE6F-7035-4A8B-AF09-412243B0987E}.Debug|Mixed Platforms.ActiveCfg = Debug|Any CPU
		{BD6ECE6F-7035-4A8B-AF09-412243B0987E}.Debug|Mixed Platforms.Build.0 = Debug|Any CPU
		{BD6ECE6F-7035-4A8B-AF09-412243B0987E}.Debug|x86.ActiveCfg = Debug|Any CPU
		{BD6ECE6F-7035-4A8B-AF09-412243B0987E}.Release|.NET.ActiveCfg = Debug|Any CPU
		{BD6ECE6F-7035-4A8B-AF09-412243B0987E}.Release|Any CPU.ActiveCfg = Debug|Any CPU
		{BD6ECE6F-7035-4A8B-AF09-412243B0987E}.Release|Any CPU.Build.0 = Debug|Any CPU
		{BD6ECE6F-7035-4A8B-AF09-412243B0987E}.Release|Mixed Platforms.ActiveCfg = Debug|Any CPU
		{BD6ECE6F-7035-4A8B-AF09-412243B0987E}.Release|Mixed Platforms.Build.0 = Debug|Any CPU
		{BD6ECE6F-7035-4A8B-AF09-412243B0987E}.Release|x86.ActiveCfg = Debug|Any CPU
	EndGlobalSection
	GlobalSection(SolutionProperties) = preSolution
		HideSolutionNode = FALSE
	EndGlobalSection
	GlobalSection(ExtensibilityGlobals) = postSolution
		SolutionGuid = {536EE55B-C5A2-4263-9C29-14DD6835D79B}
	EndGlobalSection
EndGlobal
